# THIS IS AN AUTOGENERATED FILE. DO NOT EDIT THIS FILE DIRECTLY.
# yarn lockfile v1


playwright-core@1.25.0:
  version "1.25.0"
  resolved "https://registry.yarnpkg.com/playwright-core/-/playwright-core-1.25.0.tgz#54dc867c6c2cc5e4233905e249206a02914d14f1"
  integrity sha512-kZ3Jwaf3wlu0GgU0nB8UMQ+mXFTqBIFz9h1svTlNduNKjnbPXFxw7mJanLVjqxHJRn62uBfmgBj93YHidk2N5Q==

playwright@^1.25.0:
  version "1.25.0"
  resolved "https://registry.yarnpkg.com/playwright/-/playwright-1.25.0.tgz#a5e317c8c207b921e7da17507ef9ec2983367970"
  integrity sha512-Z+pQNWI17Qx/tHhnmgMmPsptsisXpKgAnUvYv98kctlHUJaqMt2400P8kTw9vEPoC0xdxqu0JhxO7pDTmaaIKw==
  dependencies:
    playwright-core "1.25.0"
